{
  "version": 4,
  "terraform_version": "1.15.3",
  "serial": 21,
  "lineage": "518cc70a-d7e1-212d-3b7b-a063f9eadde2",
  "outputs": {},
  "resources": [
    {
      "mode": "managed",
      "type": "harness_platform_policy",
      "name": "test",
      "provider": "provider[\"registry.terraform.io/harness/harness\"]",
      "instances": [
        {
          "schema_version": 0,
          "attributes": {
            "description": null,
            "git_base_branch": null,
            "git_branch": null,
            "git_commit_msg": null,
            "git_commit_sha": null,
            "git_connector_ref": null,
            "git_file_id": null,
            "git_import": null,
            "git_is_new_branch": null,
            "git_path": null,
            "git_repo": null,
            "id": "tftestpolicy02",
            "identifier": "tftestpolicy02",
            "name": "tftestpolicy02",
            "org_id": "default",
            "project_id": "Tarun_Test_Project",
            "rego": "package aws_cdk_synth\n\ndeny[msg] {\n    resource := input.Resources[name]\n    resource.Type == \"AWS::S3::Bucket\"\n    not resource.Properties.BucketEncryption\n    msg := sprintf(\"%s: S3 bucket must have encryption enabled.\", [name])\n}\n\n",
            "tags": null
          },
          "sensitive_attributes": [],
          "identity_schema_version": 0,
          "private": "bnVsbA=="
        }
      ]
    }
  ],
  "check_results": null
}
